
Microsoft Visual Studio Solution File, Format Version 12.00
# Visual Studio Version 16
VisualStudioVersion = 16.0.31729.503
MinimumVisualStudioVersion = 10.0.40219.1
Project("{FAE04EC0-301F-11D3-BF4B-00C04F79EFBC}") = "myApp", "myApp.csproj", "{BA171942-22D0-4197-BD52-7D65A60843CC}"
EndProject
Global
	GlobalSection(SolutionConfigurationPlatforms) = preSolution
		Debug|Any CPU = Debug|Any CPU
		Release|Any CPU = Release|Any CPU
	EndGlobalSection
	GlobalSection(ProjectConfigurationPlatforms) = postSolution
		{BA171942-22D0-4197-BD52-7D65A60843CC}.Debug|Any CPU.ActiveCfg = Debug|Any CPU
		{BA171942-22D0-4197-BD52-7D65A60843CC}.Debug|Any CPU.Build.0 = Debug|Any CPU
		{BA171942-22D0-4197-BD52-7D65A60843CC}.Release|Any CPU.ActiveCfg = Release|Any CPU
		{BA171942-22D0-4197-BD52-7D65A60843CC}.Release|Any CPU.Build.0 = Release|Any CPU
	EndGlobalSection
	GlobalSection(SolutionProperties) = preSolution
		HideSolutionNode = FALSE
	EndGlobalSection
	GlobalSection(ExtensibilityGlobals) = postSolution
		SolutionGuid = {900EFA86-B322-4F9B-A04D-1C05B1E5E012}
	EndGlobalSection
EndGlobal
